
Microsoft Visual Studio Solution File, Format Version 12.00
# Visual Studio Version 16
VisualStudioVersion = 16.0.32002.261
MinimumVisualStudioVersion = 10.0.40219.1
Project("{9A19103F-16F7-4668-BE54-9A1E7A4F7556}") = "Catalog.API", "Services\Catalog\Catalog.API\Catalog.API.csproj", "{CF29FE6E-AB21-443C-BF16-1CE2EDCE9343}"
EndProject
Project("{2150E333-8FDC-42A3-9474-1A3956D46DE8}") = "Services", "Services", "{D3C926EA-34D6-41D2-A0FE-7795700669D6}"
EndProject
Project("{2150E333-8FDC-42A3-9474-1A3956D46DE8}") = "Catalog", "Catalog", "{5C280A83-40EC-40EB-B198-A71C8868EDC1}"
EndProject
Project("{E53339B2-1760-4266-BCC7-CA923CBCF16C}") = "docker-compose", "docker-compose.dcproj", "{90A6B4E8-E036-40DB-895A-7722A47C80AE}"
EndProject
Project("{2150E333-8FDC-42A3-9474-1A3956D46DE8}") = "Basket", "Basket", "{CA3C2D01-610E-4907-BD7F-325BE682C1D5}"
EndProject
Project("{FAE04EC0-301F-11D3-BF4B-00C04F79EFBC}") = "Basket.API", "..\srs\Services\Basket\Basket.API\Basket.API.csproj", "{A1F71837-00D3-4633-A720-0635CD7DD7C6}"
EndProject
Global
	GlobalSection(SolutionConfigurationPlatforms) = preSolution
		Debug|Any CPU = Debug|Any CPU
		Release|Any CPU = Release|Any CPU
	EndGlobalSection
	GlobalSection(ProjectConfigurationPlatforms) = postSolution
		{CF29FE6E-AB21-443C-BF16-1CE2EDCE9343}.Debug|Any CPU.ActiveCfg = Debug|Any CPU
		{CF29FE6E-AB21-443C-BF16-1CE2EDCE9343}.Debug|Any CPU.Build.0 = Debug|Any CPU
		{CF29FE6E-AB21-443C-BF16-1CE2EDCE9343}.Release|Any CPU.ActiveCfg = Release|Any CPU
		{CF29FE6E-AB21-443C-BF16-1CE2EDCE9343}.Release|Any CPU.Build.0 = Release|Any CPU
		{90A6B4E8-E036-40DB-895A-7722A47C80AE}.Debug|Any CPU.ActiveCfg = Debug|Any CPU
		{90A6B4E8-E036-40DB-895A-7722A47C80AE}.Debug|Any CPU.Build.0 = Debug|Any CPU
		{90A6B4E8-E036-40DB-895A-7722A47C80AE}.Release|Any CPU.ActiveCfg = Release|Any CPU
		{90A6B4E8-E036-40DB-895A-7722A47C80AE}.Release|Any CPU.Build.0 = Release|Any CPU
		{A1F71837-00D3-4633-A720-0635CD7DD7C6}.Debug|Any CPU.ActiveCfg = Debug|Any CPU
		{A1F71837-00D3-4633-A720-0635CD7DD7C6}.Debug|Any CPU.Build.0 = Debug|Any CPU
		{A1F71837-00D3-4633-A720-0635CD7DD7C6}.Release|Any CPU.ActiveCfg = Release|Any CPU
		{A1F71837-00D3-4633-A720-0635CD7DD7C6}.Release|Any CPU.Build.0 = Release|Any CPU
	EndGlobalSection
	GlobalSection(SolutionProperties) = preSolution
		HideSolutionNode = FALSE
	EndGlobalSection
	GlobalSection(NestedProjects) = preSolution
		{CF29FE6E-AB21-443C-BF16-1CE2EDCE9343} = {5C280A83-40EC-40EB-B198-A71C8868EDC1}
		{5C280A83-40EC-40EB-B198-A71C8868EDC1} = {D3C926EA-34D6-41D2-A0FE-7795700669D6}
		{CA3C2D01-610E-4907-BD7F-325BE682C1D5} = {D3C926EA-34D6-41D2-A0FE-7795700669D6}
		{A1F71837-00D3-4633-A720-0635CD7DD7C6} = {CA3C2D01-610E-4907-BD7F-325BE682C1D5}
	EndGlobalSection
	GlobalSection(ExtensibilityGlobals) = postSolution
		SolutionGuid = {4B880F4A-340E-4971-A9C3-8916F3EBFDBD}
	EndGlobalSection
EndGlobal
